
Microsoft Visual Studio Solution File, Format Version 12.00
# Visual Studio Version 16
VisualStudioVersion = 16.0.31005.135
MinimumVisualStudioVersion = 10.0.40219.1
Project("{9A19103F-16F7-4668-BE54-9A1E7A4F7556}") = "Entities", "Entities\Entities.csproj", "{43E1AB7A-EBCB-458C-B825-F7386FD1B9E1}"
EndProject
Project("{9A19103F-16F7-4668-BE54-9A1E7A4F7556}") = "DataAccess", "DataAccess\DataAccess.csproj", "{31E76C56-2A15-4EC6-8CAB-6B02F719528F}"
EndProject
Project("{9A19103F-16F7-4668-BE54-9A1E7A4F7556}") = "Business", "Business\Business.csproj", "{D1E91AB3-EB95-45AA-AF83-AB13AE1E5416}"
EndProject
Project("{9A19103F-16F7-4668-BE54-9A1E7A4F7556}") = "ConsoleUI", "ConsoleUI\ConsoleUI.csproj", "{F9D61B3C-FD2D-4B6D-8A45-A69E43266EDD}"
EndProject
Project("{9A19103F-16F7-4668-BE54-9A1E7A4F7556}") = "WebAPI", "WebAPI\WebAPI.csproj", "{E5FCC0E8-551B-45CC-A82B-66C17EED72B3}"
EndProject
Project("{9A19103F-16F7-4668-BE54-9A1E7A4F7556}") = "Core", "..\..\New Project\Core\Core.csproj", "{D6F0975C-D376-454D-B92F-842B9A1B141E}"
EndProject
Global
	GlobalSection(SolutionConfigurationPlatforms) = preSolution
		Debug|Any CPU = Debug|Any CPU
		Release|Any CPU = Release|Any CPU
	EndGlobalSection
	GlobalSection(ProjectConfigurationPlatforms) = postSolution
		{43E1AB7A-EBCB-458C-B825-F7386FD1B9E1}.Debug|Any CPU.ActiveCfg = Debug|Any CPU
		{43E1AB7A-EBCB-458C-B825-F7386FD1B9E1}.Debug|Any CPU.Build.0 = Debug|Any CPU
		{43E1AB7A-EBCB-458C-B825-F7386FD1B9E1}.Release|Any CPU.ActiveCfg = Release|Any CPU
		{43E1AB7A-EBCB-458C-B825-F7386FD1B9E1}.Release|Any CPU.Build.0 = Release|Any CPU
		{31E76C56-2A15-4EC6-8CAB-6B02F719528F}.Debug|Any CPU.ActiveCfg = Debug|Any CPU
		{31E76C56-2A15-4EC6-8CAB-6B02F719528F}.Debug|Any CPU.Build.0 = Debug|Any CPU
		{31E76C56-2A15-4EC6-8CAB-6B02F719528F}.Release|Any CPU.ActiveCfg = Release|Any CPU
		{31E76C56-2A15-4EC6-8CAB-6B02F719528F}.Release|Any CPU.Build.0 = Release|Any CPU
		{D1E91AB3-EB95-45AA-AF83-AB13AE1E5416}.Debug|Any CPU.ActiveCfg = Debug|Any CPU
		{D1E91AB3-EB95-45AA-AF83-AB13AE1E5416}.Debug|Any CPU.Build.0 = Debug|Any CPU
		{D1E91AB3-EB95-45AA-AF83-AB13AE1E5416}.Release|Any CPU.ActiveCfg = Release|Any CPU
		{D1E91AB3-EB95-45AA-AF83-AB13AE1E5416}.Release|Any CPU.Build.0 = Release|Any CPU
		{F9D61B3C-FD2D-4B6D-8A45-A69E43266EDD}.Debug|Any CPU.ActiveCfg = Debug|Any CPU
		{F9D61B3C-FD2D-4B6D-8A45-A69E43266EDD}.Debug|Any CPU.Build.0 = Debug|Any CPU
		{F9D61B3C-FD2D-4B6D-8A45-A69E43266EDD}.Release|Any CPU.ActiveCfg = Release|Any CPU
		{F9D61B3C-FD2D-4B6D-8A45-A69E43266EDD}.Release|Any CPU.Build.0 = Release|Any CPU
		{E5FCC0E8-551B-45CC-A82B-66C17EED72B3}.Debug|Any CPU.ActiveCfg = Debug|Any CPU
		{E5FCC0E8-551B-45CC-A82B-66C17EED72B3}.Debug|Any CPU.Build.0 = Debug|Any CPU
		{E5FCC0E8-551B-45CC-A82B-66C17EED72B3}.Release|Any CPU.ActiveCfg = Release|Any CPU
		{E5FCC0E8-551B-45CC-A82B-66C17EED72B3}.Release|Any CPU.Build.0 = Release|Any CPU
		{D6F0975C-D376-454D-B92F-842B9A1B141E}.Debug|Any CPU.ActiveCfg = Debug|Any CPU
		{D6F0975C-D376-454D-B92F-842B9A1B141E}.Debug|Any CPU.Build.0 = Debug|Any CPU
		{D6F0975C-D376-454D-B92F-842B9A1B141E}.Release|Any CPU.ActiveCfg = Release|Any CPU
		{D6F0975C-D376-454D-B92F-842B9A1B141E}.Release|Any CPU.Build.0 = Release|Any CPU
	EndGlobalSection
	GlobalSection(SolutionProperties) = preSolution
		HideSolutionNode = FALSE
	EndGlobalSection
	GlobalSection(ExtensibilityGlobals) = postSolution
		SolutionGuid = {2AFBB423-F766-4174-9963-F2A12ED6CD71}
	EndGlobalSection
EndGlobal
